// !$*UTF8*$!
{
	archiveVersion = 1;
	classes = {
	};
	objectVersion = 50;
	objects = {

/* Begin PBXBuildFile section */
		3A0C43AF2119495900FA386C /* PersonModel.m in Sources */ = {isa = PBXBuildFile; fileRef = 3A0C43AE2119495900FA386C /* PersonModel.m */; };
		3A0C43B221198A1C00FA386C /* UILabel+Color.m in Sources */ = {isa = PBXBuildFile; fileRef = 3A0C43B121198A1C00FA386C /* UILabel+Color.m */; };
		3A31581A20B53F1200703E61 /* NetWorkConnection.m in Sources */ = {isa = PBXBuildFile; fileRef = 3A31581820B53F1200703E61 /* NetWorkConnection.m */; };
		3A3A22FB20B3B385005BD33A /* AppDelegate.m in Sources */ = {isa = PBXBuildFile; fileRef = 3A3A22FA20B3B385005BD33A /* AppDelegate.m */; };
		3A3A22FE20B3B385005BD33A /* ViewController.m in Sources */ = {isa = PBXBuildFile; fileRef = 3A3A22FD20B3B385005BD33A /* ViewController.m */; };
		3A3A230320B3B385005BD33A /* Assets.xcassets in Resources */ = {isa = PBXBuildFile; fileRef = 3A3A230220B3B385005BD33A /* Assets.xcassets */; };
		3A3A230920B3B385005BD33A /* main.m in Sources */ = {isa = PBXBuildFile; fileRef = 3A3A230820B3B385005BD33A /* main.m */; };
		3A3A231320B3B386005BD33A /* MyAppTests.m in Sources */ = {isa = PBXBuildFile; fileRef = 3A3A231220B3B386005BD33A /* MyAppTests.m */; };
		3A3A231E20B3B386005BD33A /* MyAppUITests.m in Sources */ = {isa = PBXBuildFile; fileRef = 3A3A231D20B3B386005BD33A /* MyAppUITests.m */; };
		3A9D99C921212DE800C2F705 /* UIResponder+Routor.m in Sources */ = {isa = PBXBuildFile; fileRef = 3A9D99C821212DE800C2F705 /* UIResponder+Routor.m */; };
		3A9D99CC2121337600C2F705 /* NextView.m in Sources */ = {isa = PBXBuildFile; fileRef = 3A9D99CB2121337600C2F705 /* NextView.m */; };
		3AB074BC211C14E700357401 /* NextController.m in Sources */ = {isa = PBXBuildFile; fileRef = 3AB074BB211C14E700357401 /* NextController.m */; };
		3AB074BF211C163500357401 /* GroupModel.m in Sources */ = {isa = PBXBuildFile; fileRef = 3AB074BE211C163500357401 /* GroupModel.m */; };
		3AFC058820B4066B00DCA6E0 /* SystemConfiguration.framework in Frameworks */ = {isa = PBXBuildFile; fileRef = 3AFC058720B4066B00DCA6E0 /* SystemConfiguration.framework */; };
		3AFC058A20B4067500DCA6E0 /* CoreTelephony.framework in Frameworks */ = {isa = PBXBuildFile; fileRef = 3AFC058920B4067500DCA6E0 /* CoreTelephony.framework */; };
		3AFC058C20B4067E00DCA6E0 /* QuartzCore.framework in Frameworks */ = {isa = PBXBuildFile; fileRef = 3AFC058B20B4067E00DCA6E0 /* QuartzCore.framework */; };
		3AFC058E20B4068600DCA6E0 /* CoreText.framework in Frameworks */ = {isa = PBXBuildFile; fileRef = 3AFC058D20B4068600DCA6E0 /* CoreText.framework */; };
		3AFC059020B4068D00DCA6E0 /* CoreGraphics.framework in Frameworks */ = {isa = PBXBuildFile; fileRef = 3AFC058F20B4068D00DCA6E0 /* CoreGraphics.framework */; };
		3AFC059220B4069400DCA6E0 /* UIKit.framework in Frameworks */ = {isa = PBXBuildFile; fileRef = 3AFC059120B4069400DCA6E0 /* UIKit.framework */; };
		3AFC059420B4069E00DCA6E0 /* Foundation.framework in Frameworks */ = {isa = PBXBuildFile; fileRef = 3AFC059320B4069E00DCA6E0 /* Foundation.framework */; };
		3AFC059620B406A300DCA6E0 /* CFNetwork.framework in Frameworks */ = {isa = PBXBuildFile; fileRef = 3AFC059520B406A300DCA6E0 /* CFNetwork.framework */; };
		3AFC059820B406AD00DCA6E0 /* CoreMotion.framework in Frameworks */ = {isa = PBXBuildFile; fileRef = 3AFC059720B406AD00DCA6E0 /* CoreMotion.framework */; };
		3AFC059A20B406BA00DCA6E0 /* libc++.tbd in Frameworks */ = {isa = PBXBuildFile; fileRef = 3AFC059920B406BA00DCA6E0 /* libc++.tbd */; };
		3AFC059C20B406C000DCA6E0 /* libz.tbd in Frameworks */ = {isa = PBXBuildFile; fileRef = 3AFC059B20B406C000DCA6E0 /* libz.tbd */; };
		3AFC059F20B406EC00DCA6E0 /* AlipaySDK.bundle in Resources */ = {isa = PBXBuildFile; fileRef = 3AFC059D20B406EB00DCA6E0 /* AlipaySDK.bundle */; };
		3AFC05A020B406EC00DCA6E0 /* AlipaySDK.framework in Frameworks */ = {isa = PBXBuildFile; fileRef = 3AFC059E20B406EC00DCA6E0 /* AlipaySDK.framework */; };
		3AFC07C220B40E7900DCA6E0 /* APRSASigner.m in Sources */ = {isa = PBXBuildFile; fileRef = 3AFC076F20B40E7600DCA6E0 /* APRSASigner.m */; };
		3AFC07C320B40E7900DCA6E0 /* openssl_wrapper.m in Sources */ = {isa = PBXBuildFile; fileRef = 3AFC077120B40E7600DCA6E0 /* openssl_wrapper.m */; };
		3AFC07C420B40E7900DCA6E0 /* Order.m in Sources */ = {isa = PBXBuildFile; fileRef = 3AFC077320B40E7600DCA6E0 /* Order.m */; };
		3AFC07C520B40E7900DCA6E0 /* libcrypto.a in Frameworks */ = {isa = PBXBuildFile; fileRef = 3AFC07C020B40E7800DCA6E0 /* libcrypto.a */; };
		3AFC07C620B40E7900DCA6E0 /* libssl.a in Frameworks */ = {isa = PBXBuildFile; fileRef = 3AFC07C120B40E7900DCA6E0 /* libssl.a */; };
		3AFC07D620B40F5E00DCA6E0 /* libWeChatSDK.a in Frameworks */ = {isa = PBXBuildFile; fileRef = 3AFC07C920B40F5E00DCA6E0 /* libWeChatSDK.a */; };
		3AFC07D720B40F5E00DCA6E0 /* read_me.txt in Resources */ = {isa = PBXBuildFile; fileRef = 3AFC07CA20B40F5E00DCA6E0 /* read_me.txt */; };
		3AFC07D820B40F5E00DCA6E0 /* README.txt in Resources */ = {isa = PBXBuildFile; fileRef = 3AFC07CB20B40F5E00DCA6E0 /* README.txt */; };
		3AFC07D920B40F5E00DCA6E0 /* WXApiManager.m in Sources */ = {isa = PBXBuildFile; fileRef = 3AFC07D120B40F5E00DCA6E0 /* WXApiManager.m */; };
		3AFC07DA20B40F5E00DCA6E0 /* WXApiRequestHandler.m in Sources */ = {isa = PBXBuildFile; fileRef = 3AFC07D320B40F5E00DCA6E0 /* WXApiRequestHandler.m */; };
		3AFC07DB20B40F5E00DCA6E0 /* WXUtil.mm in Sources */ = {isa = PBXBuildFile; fileRef = 3AFC07D520B40F5E00DCA6E0 /* WXUtil.mm */; };
		3AFC07DE20B4113C00DCA6E0 /* libsqlite3.0.tbd in Frameworks */ = {isa = PBXBuildFile; fileRef = 3AFC07DD20B4113B00DCA6E0 /* libsqlite3.0.tbd */; };
		3AFC07E120B411FE00DCA6E0 /* JDTools.m in Sources */ = {isa = PBXBuildFile; fileRef = 3AFC07DF20B411FD00DCA6E0 /* JDTools.m */; };
		3AFC07E620B4191800DCA6E0 /* JDAlertView.m in Sources */ = {isa = PBXBuildFile; fileRef = 3AFC07E420B4191700DCA6E0 /* JDAlertView.m */; };
		3AFC07E920B4195F00DCA6E0 /* UIView+LSExtension.m in Sources */ = {isa = PBXBuildFile; fileRef = 3AFC07E820B4195F00DCA6E0 /* UIView+LSExtension.m */; };
		FC18B66ACB436D8614AFADD7 /* libPods-MyApp.a in Frameworks */ = {isa = PBXBuildFile; fileRef = 208030B7DDC01BFC64CA0FC7 /* libPods-MyApp.a */; };
/* End PBXBuildFile section */

/* Begin PBXContainerItemProxy section */
		3A3A230F20B3B386005BD33A /* PBXContainerItemProxy */ = {
			isa = PBXContainerItemProxy;
			containerPortal = 3A3A22EE20B3B385005BD33A /* Project object */;
			proxyType = 1;
			remoteGlobalIDString = 3A3A22F520B3B385005BD33A;
			remoteInfo = MyApp;
		};
		3A3A231A20B3B386005BD33A /* PBXContainerItemProxy */ = {
			isa = PBXContainerItemProxy;
			containerPortal = 3A3A22EE20B3B385005BD33A /* Project object */;
			proxyType = 1;
			remoteGlobalIDString = 3A3A22F520B3B385005BD33A;
			remoteInfo = MyApp;
		};
/* End PBXContainerItemProxy section */

/* Begin PBXFileReference section */
		208030B7DDC01BFC64CA0FC7 /* libPods-MyApp.a */ = {isa = PBXFileReference; explicitFileType = archive.ar; includeInIndex = 0; path = "libPods-MyApp.a"; sourceTree = BUILT_PRODUCTS_DIR; };
		3A0C43AD2119495900FA386C /* PersonModel.h */ = {isa = PBXFileReference; lastKnownFileType = sourcecode.c.h; path = PersonModel.h; sourceTree = "<group>"; };
		3A0C43AE2119495900FA386C /* PersonModel.m */ = {isa = PBXFileReference; lastKnownFileType = sourcecode.c.objc; path = PersonModel.m; sourceTree = "<group>"; };
		3A0C43B021198A1C00FA386C /* UILabel+Color.h */ = {isa = PBXFileReference; lastKnownFileType = sourcecode.c.h; path = "UILabel+Color.h"; sourceTree = "<group>"; };
		3A0C43B121198A1C00FA386C /* UILabel+Color.m */ = {isa = PBXFileReference; lastKnownFileType = sourcecode.c.objc; path = "UILabel+Color.m"; sourceTree = "<group>"; };
		3A31581820B53F1200703E61 /* NetWorkConnection.m */ = {isa = PBXFileReference; fileEncoding = 4; lastKnownFileType = sourcecode.c.objc; path = NetWorkConnection.m; sourceTree = "<group>"; };
		3A31581920B53F1200703E61 /* NetWorkConnection.h */ = {isa = PBXFileReference; fileEncoding = 4; lastKnownFileType = sourcecode.c.h; path = NetWorkConnection.h; sourceTree = "<group>"; };
		3A3A22F620B3B385005BD33A /* MyApp.app */ = {isa = PBXFileReference; explicitFileType = wrapper.application; includeInIndex = 0; path = MyApp.app; sourceTree = BUILT_PRODUCTS_DIR; };
		3A3A22F920B3B385005BD33A /* AppDelegate.h */ = {isa = PBXFileReference; lastKnownFileType = sourcecode.c.h; path = AppDelegate.h; sourceTree = "<group>"; };
		3A3A22FA20B3B385005BD33A /* AppDelegate.m */ = {isa = PBXFileReference; lastKnownFileType = sourcecode.c.objc; path = AppDelegate.m; sourceTree = "<group>"; };
		3A3A22FC20B3B385005BD33A /* ViewController.h */ = {isa = PBXFileReference; lastKnownFileType = sourcecode.c.h; path = ViewController.h; sourceTree = "<group>"; };
		3A3A22FD20B3B385005BD33A /* ViewController.m */ = {isa = PBXFileReference; lastKnownFileType = sourcecode.c.objc; path = ViewController.m; sourceTree = "<group>"; };
		3A3A230220B3B385005BD33A /* Assets.xcassets */ = {isa = PBXFileReference; lastKnownFileType = folder.assetcatalog; path = Assets.xcassets; sourceTree = "<group>"; };
		3A3A230720B3B385005BD33A /* Info.plist */ = {isa = PBXFileReference; lastKnownFileType = text.plist.xml; path = Info.plist; sourceTree = "<group>"; };
		3A3A230820B3B385005BD33A /* main.m */ = {isa = PBXFileReference; lastKnownFileType = sourcecode.c.objc; path = main.m; sourceTree = "<group>"; };
		3A3A230E20B3B386005BD33A /* MyAppTests.xctest */ = {isa = PBXFileReference; explicitFileType = wrapper.cfbundle; includeInIndex = 0; path = MyAppTests.xctest; sourceTree = BUILT_PRODUCTS_DIR; };
		3A3A231220B3B386005BD33A /* MyAppTests.m */ = {isa = PBXFileReference; lastKnownFileType = sourcecode.c.objc; path = MyAppTests.m; sourceTree = "<group>"; };
		3A3A231420B3B386005BD33A /* Info.plist */ = {isa = PBXFileReference; lastKnownFileType = text.plist.xml; path = Info.plist; sourceTree = "<group>"; };
		3A3A231920B3B386005BD33A /* MyAppUITests.xctest */ = {isa = PBXFileReference; explicitFileType = wrapper.cfbundle; includeInIndex = 0; path = MyAppUITests.xctest; sourceTree = BUILT_PRODUCTS_DIR; };
		3A3A231D20B3B386005BD33A /* MyAppUITests.m */ = {isa = PBXFileReference; lastKnownFileType = sourcecode.c.objc; path = MyAppUITests.m; sourceTree = "<group>"; };
		3A3A231F20B3B386005BD33A /* Info.plist */ = {isa = PBXFileReference; lastKnownFileType = text.plist.xml; path = Info.plist; sourceTree = "<group>"; };
		3A9D99C721212DE800C2F705 /* UIResponder+Routor.h */ = {isa = PBXFileReference; lastKnownFileType = sourcecode.c.h; path = "UIResponder+Routor.h"; sourceTree = "<group>"; };
		3A9D99C821212DE800C2F705 /* UIResponder+Routor.m */ = {isa = PBXFileReference; lastKnownFileType = sourcecode.c.objc; path = "UIResponder+Routor.m"; sourceTree = "<group>"; };
		3A9D99CA2121337600C2F705 /* NextView.h */ = {isa = PBXFileReference; lastKnownFileType = sourcecode.c.h; path = NextView.h; sourceTree = "<group>"; };
		3A9D99CB2121337600C2F705 /* NextView.m */ = {isa = PBXFileReference; lastKnownFileType = sourcecode.c.objc; path = NextView.m; sourceTree = "<group>"; };
		3AB074BA211C14E700357401 /* NextController.h */ = {isa = PBXFileReference; lastKnownFileType = sourcecode.c.h; path = NextController.h; sourceTree = "<group>"; };
		3AB074BB211C14E700357401 /* NextController.m */ = {isa = PBXFileReference; lastKnownFileType = sourcecode.c.objc; path = NextController.m; sourceTree = "<group>"; };
		3AB074BD211C163500357401 /* GroupModel.h */ = {isa = PBXFileReference; lastKnownFileType = sourcecode.c.h; path = GroupModel.h; sourceTree = "<group>"; };
		3AB074BE211C163500357401 /* GroupModel.m */ = {isa = PBXFileReference; lastKnownFileType = sourcecode.c.objc; path = GroupModel.m; sourceTree = "<group>"; };
		3AFC058720B4066B00DCA6E0 /* SystemConfiguration.framework */ = {isa = PBXFileReference; lastKnownFileType = wrapper.framework; name = SystemConfiguration.framework; path = System/Library/Frameworks/SystemConfiguration.framework; sourceTree = SDKROOT; };
		3AFC058920B4067500DCA6E0 /* CoreTelephony.framework */ = {isa = PBXFileReference; lastKnownFileType = wrapper.framework; name = CoreTelephony.framework; path = System/Library/Frameworks/CoreTelephony.framework; sourceTree = SDKROOT; };
		3AFC058B20B4067E00DCA6E0 /* QuartzCore.framework */ = {isa = PBXFileReference; lastKnownFileType = wrapper.framework; name = QuartzCore.framework; path = System/Library/Frameworks/QuartzCore.framework; sourceTree = SDKROOT; };
		3AFC058D20B4068600DCA6E0 /* CoreText.framework */ = {isa = PBXFileReference; lastKnownFileType = wrapper.framework; name = CoreText.framework; path = System/Library/Frameworks/CoreText.framework; sourceTree = SDKROOT; };
		3AFC058F20B4068D00DCA6E0 /* CoreGraphics.framework */ = {isa = PBXFileReference; lastKnownFileType = wrapper.framework; name = CoreGraphics.framework; path = System/Library/Frameworks/CoreGraphics.framework; sourceTree = SDKROOT; };
		3AFC059120B4069400DCA6E0 /* UIKit.framework */ = {isa = PBXFileReference; lastKnownFileType = wrapper.framework; name = UIKit.framework; path = System/Library/Frameworks/UIKit.framework; sourceTree = SDKROOT; };
		3AFC059320B4069E00DCA6E0 /* Foundation.framework */ = {isa = PBXFileReference; lastKnownFileType = wrapper.framework; name = Foundation.framework; path = System/Library/Frameworks/Foundation.framework; sourceTree = SDKROOT; };
		3AFC059520B406A300DCA6E0 /* CFNetwork.framework */ = {isa = PBXFileReference; lastKnownFileType = wrapper.framework; name = CFNetwork.framework; path = System/Library/Frameworks/CFNetwork.framework; sourceTree = SDKROOT; };
		3AFC059720B406AD00DCA6E0 /* CoreMotion.framework */ = {isa = PBXFileReference; lastKnownFileType = wrapper.framework; name = CoreMotion.framework; path = System/Library/Frameworks/CoreMotion.framework; sourceTree = SDKROOT; };
		3AFC059920B406BA00DCA6E0 /* libc++.tbd */ = {isa = PBXFileReference; lastKnownFileType = "sourcecode.text-based-dylib-definition"; name = "libc++.tbd"; path = "usr/lib/libc++.tbd"; sourceTree = SDKROOT; };
		3AFC059B20B406C000DCA6E0 /* libz.tbd */ = {isa = PBXFileReference; lastKnownFileType = "sourcecode.text-based-dylib-definition"; name = libz.tbd; path = usr/lib/libz.tbd; sourceTree = SDKROOT; };
		3AFC059D20B406EB00DCA6E0 /* AlipaySDK.bundle */ = {isa = PBXFileReference; lastKnownFileType = "wrapper.plug-in"; path = AlipaySDK.bundle; sourceTree = "<group>"; };
		3AFC059E20B406EC00DCA6E0 /* AlipaySDK.framework */ = {isa = PBXFileReference; lastKnownFileType = wrapper.framework; path = AlipaySDK.framework; sourceTree = "<group>"; };
		3AFC05A120B406FF00DCA6E0 /* Tools.h */ = {isa = PBXFileReference; lastKnownFileType = sourcecode.c.h; path = Tools.h; sourceTree = "<group>"; };
		3AFC076E20B40E7600DCA6E0 /* APRSASigner.h */ = {isa = PBXFileReference; fileEncoding = 4; lastKnownFileType = sourcecode.c.h; path = APRSASigner.h; sourceTree = "<group>"; };
		3AFC076F20B40E7600DCA6E0 /* APRSASigner.m */ = {isa = PBXFileReference; fileEncoding = 4; lastKnownFileType = sourcecode.c.objc; path = APRSASigner.m; sourceTree = "<group>"; };
		3AFC077020B40E7600DCA6E0 /* openssl_wrapper.h */ = {isa = PBXFileReference; fileEncoding = 4; lastKnownFileType = sourcecode.c.h; path = openssl_wrapper.h; sourceTree = "<group>"; };
		3AFC077120B40E7600DCA6E0 /* openssl_wrapper.m */ = {isa = PBXFileReference; fileEncoding = 4; lastKnownFileType = sourcecode.c.objc; path = openssl_wrapper.m; sourceTree = "<group>"; };
		3AFC077220B40E7600DCA6E0 /* Order.h */ = {isa = PBXFileReference; fileEncoding = 4; lastKnownFileType = sourcecode.c.h; path = Order.h; sourceTree = "<group>"; };
		3AFC077320B40E7600DCA6E0 /* Order.m */ = {isa = PBXFileReference; fileEncoding = 4; lastKnownFileType = sourcecode.c.objc; path = Order.m; sourceTree = "<group>"; };
		3AFC077520B40E7600DCA6E0 /* aes.h */ = {isa = PBXFileReference; fileEncoding = 4; lastKnownFileType = sourcecode.c.h; path = aes.h; sourceTree = "<group>"; };
		3AFC077620B40E7600DCA6E0 /* asn1.h */ = {isa = PBXFileReference; fileEncoding = 4; lastKnownFileType = sourcecode.c.h; path = asn1.h; sourceTree = "<group>"; };
		3AFC077720B40E7600DCA6E0 /* asn1_mac.h */ = {isa = PBXFileReference; fileEncoding = 4; lastKnownFileType = sourcecode.c.h; path = asn1_mac.h; sourceTree = "<group>"; };
		3AFC077820B40E7600DCA6E0 /* asn1t.h */ = {isa = PBXFileReference; fileEncoding = 4; lastKnownFileType = sourcecode.c.h; path = asn1t.h; sourceTree = "<group>"; };
		3AFC077920B40E7600DCA6E0 /* bio.h */ = {isa = PBXFileReference; fileEncoding = 4; lastKnownFileType = sourcecode.c.h; path = bio.h; sourceTree = "<group>"; };
		3AFC077A20B40E7600DCA6E0 /* blowfish.h */ = {isa = PBXFileReference; fileEncoding = 4; lastKnownFileType = sourcecode.c.h; path = blowfish.h; sourceTree = "<group>"; };
		3AFC077B20B40E7600DCA6E0 /* bn.h */ = {isa = PBXFileReference; fileEncoding = 4; lastKnownFileType = sourcecode.c.h; path = bn.h; sourceTree = "<group>"; };
		3AFC077C20B40E7600DCA6E0 /* buffer.h */ = {isa = PBXFileReference; fileEncoding = 4; lastKnownFileType = sourcecode.c.h; path = buffer.h; sourceTree = "<group>"; };
		3AFC077D20B40E7600DCA6E0 /* camellia.h */ = {isa = PBXFileReference; fileEncoding = 4; lastKnownFileType = sourcecode.c.h; path = camellia.h; sourceTree = "<group>"; };
		3AFC077E20B40E7600DCA6E0 /* cast.h */ = {isa = PBXFileReference; fileEncoding = 4; lastKnownFileType = sourcecode.c.h; path = cast.h; sourceTree = "<group>"; };
		3AFC077F20B40E7600DCA6E0 /* cmac.h */ = {isa = PBXFileReference; fileEncoding = 4; lastKnownFileType = sourcecode.c.h; path = cmac.h; sourceTree = "<group>"; };
		3AFC078020B40E7600DCA6E0 /* cms.h */ = {isa = PBXFileReference; fileEncoding = 4; lastKnownFileType = sourcecode.c.h; path = cms.h; sourceTree = "<group>"; };
		3AFC078120B40E7600DCA6E0 /* comp.h */ = {isa = PBXFileReference; fileEncoding = 4; lastKnownFileType = sourcecode.c.h; path = comp.h; sourceTree = "<group>"; };
		3AFC078220B40E7600DCA6E0 /* conf.h */ = {isa = PBXFileReference; fileEncoding = 4; lastKnownFileType = sourcecode.c.h; path = conf.h; sourceTree = "<group>"; };
		3AFC078320B40E7600DCA6E0 /* conf_api.h */ = {isa = PBXFileReference; fileEncoding = 4; lastKnownFileType = sourcecode.c.h; path = conf_api.h; sourceTree = "<group>"; };
		3AFC078420B40E7600DCA6E0 /* crypto.h */ = {isa = PBXFileReference; fileEncoding = 4; lastKnownFileType = sourcecode.c.h; path = crypto.h; sourceTree = "<group>"; };
		3AFC078520B40E7600DCA6E0 /* des.h */ = {isa = PBXFileReference; fileEncoding = 4; lastKnownFileType = sourcecode.c.h; path = des.h; sourceTree = "<group>"; };
		3AFC078620B40E7600DCA6E0 /* des_old.h */ = {isa = PBXFileReference; fileEncoding = 4; lastKnownFileType = sourcecode.c.h; path = des_old.h; sourceTree = "<group>"; };
		3AFC078720B40E7600DCA6E0 /* dh.h */ = {isa = PBXFileReference; fileEncoding = 4; lastKnownFileType = sourcecode.c.h; path = dh.h; sourceTree = "<group>"; };
		3AFC078820B40E7600DCA6E0 /* dsa.h */ = {isa = PBXFileReference; fileEncoding = 4; lastKnownFileType = sourcecode.c.h; path = dsa.h; sourceTree = "<group>"; };
		3AFC078920B40E7600DCA6E0 /* dso.h */ = {isa = PBXFileReference; fileEncoding = 4; lastKnownFileType = sourcecode.c.h; path = dso.h; sourceTree = "<group>"; };
		3AFC078A20B40E7600DCA6E0 /* dtls1.h */ = {isa = PBXFileReference; fileEncoding = 4; lastKnownFileType = sourcecode.c.h; path = dtls1.h; sourceTree = "<group>"; };
		3AFC078B20B40E7600DCA6E0 /* e_os2.h */ = {isa = PBXFileReference; fileEncoding = 4; lastKnownFileType = sourcecode.c.h; path = e_os2.h; sourceTree = "<group>"; };
		3AFC078C20B40E7600DCA6E0 /* ebcdic.h */ = {isa = PBXFileReference; fileEncoding = 4; lastKnownFileType = sourcecode.c.h; path = ebcdic.h; sourceTree = "<group>"; };
		3AFC078D20B40E7600DCA6E0 /* ec.h */ = {isa = PBXFileReference; fileEncoding = 4; lastKnownFileType = sourcecode.c.h; path = ec.h; sourceTree = "<group>"; };
		3AFC078E20B40E7600DCA6E0 /* ecdh.h */ = {isa = PBXFileReference; fileEncoding = 4; lastKnownFileType = sourcecode.c.h; path = ecdh.h; sourceTree = "<group>"; };
		3AFC078F20B40E7600DCA6E0 /* ecdsa.h */ = {isa = PBXFileReference; fileEncoding = 4; lastKnownFileType = sourcecode.c.h; path = ecdsa.h; sourceTree = "<group>"; };
		3AFC079020B40E7600DCA6E0 /* engine.h */ = {isa = PBXFileReference; fileEncoding = 4; lastKnownFileType = sourcecode.c.h; path = engine.h; sourceTree = "<group>"; };
		3AFC079120B40E7600DCA6E0 /* err.h */ = {isa = PBXFileReference; fileEncoding = 4; lastKnownFileType = sourcecode.c.h; path = err.h; sourceTree = "<group>"; };
		3AFC079220B40E7600DCA6E0 /* evp.h */ = {isa = PBXFileReference; fileEncoding = 4; lastKnownFileType = sourcecode.c.h; path = evp.h; sourceTree = "<group>"; };
		3AFC079320B40E7600DCA6E0 /* hmac.h */ = {isa = PBXFileReference; fileEncoding = 4; lastKnownFileType = sourcecode.c.h; path = hmac.h; sourceTree = "<group>"; };
		3AFC079420B40E7600DCA6E0 /* idea.h */ = {isa = PBXFileReference; fileEncoding = 4; lastKnownFileType = sourcecode.c.h; path = idea.h; sourceTree = "<group>"; };
		3AFC079520B40E7600DCA6E0 /* krb5_asn.h */ = {isa = PBXFileReference; fileEncoding = 4; lastKnownFileType = sourcecode.c.h; path = krb5_asn.h; sourceTree = "<group>"; };
		3AFC079620B40E7600DCA6E0 /* kssl.h */ = {isa = PBXFileReference; fileEncoding = 4; lastKnownFileType = sourcecode.c.h; path = kssl.h; sourceTree = "<group>"; };
		3AFC079720B40E7600DCA6E0 /* lhash.h */ = {isa = PBXFileReference; fileEncoding = 4; lastKnownFileType = sourcecode.c.h; path = lhash.h; sourceTree = "<group>"; };
		3AFC079820B40E7600DCA6E0 /* md4.h */ = {isa = PBXFileReference; fileEncoding = 4; lastKnownFileType = sourcecode.c.h; path = md4.h; sourceTree = "<group>"; };
		3AFC079920B40E7600DCA6E0 /* md5.h */ = {isa = PBXFileReference; fileEncoding = 4; lastKnownFileType = sourcecode.c.h; path = md5.h; sourceTree = "<group>"; };
		3AFC079A20B40E7600DCA6E0 /* mdc2.h */ = {isa = PBXFileReference; fileEncoding = 4; lastKnownFileType = sourcecode.c.h; path = mdc2.h; sourceTree = "<group>"; };
		3AFC079B20B40E7600DCA6E0 /* modes.h */ = {isa = PBXFileReference; fileEncoding = 4; lastKnownFileType = sourcecode.c.h; path = modes.h; sourceTree = "<group>"; };
		3AFC079C20B40E7600DCA6E0 /* obj_mac.h */ = {isa = PBXFileReference; fileEncoding = 4; lastKnownFileType = sourcecode.c.h; path = obj_mac.h; sourceTree = "<group>"; };
		3AFC079D20B40E7600DCA6E0 /* objects.h */ = {isa = PBXFileReference; fileEncoding = 4; lastKnownFileType = sourcecode.c.h; path = objects.h; sourceTree = "<group>"; };
		3AFC079E20B40E7600DCA6E0 /* ocsp.h */ = {isa = PBXFileReference; fileEncoding = 4; lastKnownFileType = sourcecode.c.h; path = ocsp.h; sourceTree = "<group>"; };
		3AFC079F20B40E7600DCA6E0 /* opensslconf.h */ = {isa = PBXFileReference; fileEncoding = 4; lastKnownFileType = sourcecode.c.h; path = opensslconf.h; sourceTree = "<group>"; };
		3AFC07A020B40E7600DCA6E0 /* opensslv.h */ = {isa = PBXFileReference; fileEncoding = 4; lastKnownFileType = sourcecode.c.h; path = opensslv.h; sourceTree = "<group>"; };
		3AFC07A120B40E7600DCA6E0 /* ossl_typ.h */ = {isa = PBXFileReference; fileEncoding = 4; lastKnownFileType = sourcecode.c.h; path = ossl_typ.h; sourceTree = "<group>"; };
		3AFC07A220B40E7600DCA6E0 /* pem.h */ = {isa = PBXFileReference; fileEncoding = 4; lastKnownFileType = sourcecode.c.h; path = pem.h; sourceTree = "<group>"; };
		3AFC07A320B40E7600DCA6E0 /* pem2.h */ = {isa = PBXFileReference; fileEncoding = 4; lastKnownFileType = sourcecode.c.h; path = pem2.h; sourceTree = "<group>"; };
		3AFC07A420B40E7600DCA6E0 /* pkcs12.h */ = {isa = PBXFileReference; fileEncoding = 4; lastKnownFileType = sourcecode.c.h; path = pkcs12.h; sourceTree = "<group>"; };
		3AFC07A520B40E7600DCA6E0 /* pkcs7.h */ = {isa = PBXFileReference; fileEncoding = 4; lastKnownFileType = sourcecode.c.h; path = pkcs7.h; sourceTree = "<group>"; };
		3AFC07A620B40E7600DCA6E0 /* pqueue.h */ = {isa = PBXFileReference; fileEncoding = 4; lastKnownFileType = sourcecode.c.h; path = pqueue.h; sourceTree = "<group>"; };
		3AFC07A720B40E7600DCA6E0 /* rand.h */ = {isa = PBXFileReference; fileEncoding = 4; lastKnownFileType = sourcecode.c.h; path = rand.h; sourceTree = "<group>"; };
		3AFC07A820B40E7600DCA6E0 /* rc2.h */ = {isa = PBXFileReference; fileEncoding = 4; lastKnownFileType = sourcecode.c.h; path = rc2.h; sourceTree = "<group>"; };
		3AFC07A920B40E7600DCA6E0 /* rc4.h */ = {isa = PBXFileReference; fileEncoding = 4; lastKnownFileType = sourcecode.c.h; path = rc4.h; sourceTree = "<group>"; };
		3AFC07AA20B40E7600DCA6E0 /* ripemd.h */ = {isa = PBXFileReference; fileEncoding = 4; lastKnownFileType = sourcecode.c.h; path = ripemd.h; sourceTree = "<group>"; };
		3AFC07AB20B40E7600DCA6E0 /* rsa.h */ = {isa = PBXFileReference; fileEncoding = 4; lastKnownFileType = sourcecode.c.h; path = rsa.h; sourceTree = "<group>"; };
		3AFC07AC20B40E7600DCA6E0 /* safestack.h */ = {isa = PBXFileReference; fileEncoding = 4; lastKnownFileType = sourcecode.c.h; path = safestack.h; sourceTree = "<group>"; };
		3AFC07AD20B40E7600DCA6E0 /* seed.h */ = {isa = PBXFileReference; fileEncoding = 4; lastKnownFileType = sourcecode.c.h; path = seed.h; sourceTree = "<group>"; };
		3AFC07AE20B40E7600DCA6E0 /* sha.h */ = {isa = PBXFileReference; fileEncoding = 4; lastKnownFileType = sourcecode.c.h; path = sha.h; sourceTree = "<group>"; };
		3AFC07AF20B40E7600DCA6E0 /* srp.h */ = {isa = PBXFileReference; fileEncoding = 4; lastKnownFileType = sourcecode.c.h; path = srp.h; sourceTree = "<group>"; };
		3AFC07B020B40E7600DCA6E0 /* srtp.h */ = {isa = PBXFileReference; fileEncoding = 4; lastKnownFileType = sourcecode.c.h; path = srtp.h; sourceTree = "<group>"; };
		3AFC07B120B40E7600DCA6E0 /* ssl.h */ = {isa = PBXFileReference; fileEncoding = 4; lastKnownFileType = sourcecode.c.h; path = ssl.h; sourceTree = "<group>"; };
		3AFC07B220B40E7600DCA6E0 /* ssl2.h */ = {isa = PBXFileReference; fileEncoding = 4; lastKnownFileType = sourcecode.c.h; path = ssl2.h; sourceTree = "<group>"; };
		3AFC07B320B40E7600DCA6E0 /* ssl23.h */ = {isa = PBXFileReference; fileEncoding = 4; lastKnownFileType = sourcecode.c.h; path = ssl23.h; sourceTree = "<group>"; };
		3AFC07B420B40E7600DCA6E0 /* ssl3.h */ = {isa = PBXFileReference; fileEncoding = 4; lastKnownFileType = sourcecode.c.h; path = ssl3.h; sourceTree = "<group>"; };
		3AFC07B520B40E7600DCA6E0 /* stack.h */ = {isa = PBXFileReference; fileEncoding = 4; lastKnownFileType = sourcecode.c.h; path = stack.h; sourceTree = "<group>"; };
		3AFC07B620B40E7600DCA6E0 /* symhacks.h */ = {isa = PBXFileReference; fileEncoding = 4; lastKnownFileType = sourcecode.c.h; path = symhacks.h; sourceTree = "<group>"; };
		3AFC07B720B40E7600DCA6E0 /* tls1.h */ = {isa = PBXFileReference; fileEncoding = 4; lastKnownFileType = sourcecode.c.h; path = tls1.h; sourceTree = "<group>"; };
		3AFC07B820B40E7600DCA6E0 /* ts.h */ = {isa = PBXFileReference; fileEncoding = 4; lastKnownFileType = sourcecode.c.h; path = ts.h; sourceTree = "<group>"; };
		3AFC07B920B40E7600DCA6E0 /* txt_db.h */ = {isa = PBXFileReference; fileEncoding = 4; lastKnownFileType = sourcecode.c.h; path = txt_db.h; sourceTree = "<group>"; };
		3AFC07BA20B40E7600DCA6E0 /* ui.h */ = {isa = PBXFileReference; fileEncoding = 4; lastKnownFileType = sourcecode.c.h; path = ui.h; sourceTree = "<group>"; };
		3AFC07BB20B40E7600DCA6E0 /* ui_compat.h */ = {isa = PBXFileReference; fileEncoding = 4; lastKnownFileType = sourcecode.c.h; path = ui_compat.h; sourceTree = "<group>"; };
		3AFC07BC20B40E7600DCA6E0 /* whrlpool.h */ = {isa = PBXFileReference; fileEncoding = 4; lastKnownFileType = sourcecode.c.h; path = whrlpool.h; sourceTree = "<group>"; };
		3AFC07BD20B40E7600DCA6E0 /* x509.h */ = {isa = PBXFileReference; fileEncoding = 4; lastKnownFileType = sourcecode.c.h; path = x509.h; sourceTree = "<group>"; };
		3AFC07BE20B40E7600DCA6E0 /* x509_vfy.h */ = {isa = PBXFileReference; fileEncoding = 4; lastKnownFileType = sourcecode.c.h; path = x509_vfy.h; sourceTree = "<group>"; };
		3AFC07BF20B40E7600DCA6E0 /* x509v3.h */ = {isa = PBXFileReference; fileEncoding = 4; lastKnownFileType = sourcecode.c.h; path = x509v3.h; sourceTree = "<group>"; };
		3AFC07C020B40E7800DCA6E0 /* libcrypto.a */ = {isa = PBXFileReference; lastKnownFileType = archive.ar; path = libcrypto.a; sourceTree = "<group>"; };
		3AFC07C120B40E7900DCA6E0 /* libssl.a */ = {isa = PBXFileReference; lastKnownFileType = archive.ar; path = libssl.a; sourceTree = "<group>"; };
		3AFC07C920B40F5E00DCA6E0 /* libWeChatSDK.a */ = {isa = PBXFileReference; lastKnownFileType = archive.ar; path = libWeChatSDK.a; sourceTree = "<group>"; };
		3AFC07CA20B40F5E00DCA6E0 /* read_me.txt */ = {isa = PBXFileReference; fileEncoding = 4; lastKnownFileType = text; path = read_me.txt; sourceTree = "<group>"; };
		3AFC07CB20B40F5E00DCA6E0 /* README.txt */ = {isa = PBXFileReference; fileEncoding = 4; lastKnownFileType = text; path = README.txt; sourceTree = "<group>"; };
		3AFC07CC20B40F5E00DCA6E0 /* WechatAuthSDK.h */ = {isa = PBXFileReference; fileEncoding = 4; lastKnownFileType = sourcecode.c.h; path = WechatAuthSDK.h; sourceTree = "<group>"; };
		3AFC07CD20B40F5E00DCA6E0 /* WXApi.h */ = {isa = PBXFileReference; fileEncoding = 4; lastKnownFileType = sourcecode.c.h; path = WXApi.h; sourceTree = "<group>"; };
		3AFC07CE20B40F5E00DCA6E0 /* WXApiObject.h */ = {isa = PBXFileReference; fileEncoding = 4; lastKnownFileType = sourcecode.c.h; path = WXApiObject.h; sourceTree = "<group>"; };
		3AFC07D020B40F5E00DCA6E0 /* WXApiManager.h */ = {isa = PBXFileReference; fileEncoding = 4; lastKnownFileType = sourcecode.c.h; path = WXApiManager.h; sourceTree = "<group>"; };
		3AFC07D120B40F5E00DCA6E0 /* WXApiManager.m */ = {isa = PBXFileReference; fileEncoding = 4; lastKnownFileType = sourcecode.c.objc; path = WXApiManager.m; sourceTree = "<group>"; };
		3AFC07D220B40F5E00DCA6E0 /* WXApiRequestHandler.h */ = {isa = PBXFileReference; fileEncoding = 4; lastKnownFileType = sourcecode.c.h; path = WXApiRequestHandler.h; sourceTree = "<group>"; };
		3AFC07D320B40F5E00DCA6E0 /* WXApiRequestHandler.m */ = {isa = PBXFileReference; fileEncoding = 4; lastKnownFileType = sourcecode.c.objc; path = WXApiRequestHandler.m; sourceTree = "<group>"; };
		3AFC07D420B40F5E00DCA6E0 /* WXUtil.h */ = {isa = PBXFileReference; fileEncoding = 4; lastKnownFileType = sourcecode.c.h; path = WXUtil.h; sourceTree = "<group>"; };
		3AFC07D520B40F5E00DCA6E0 /* WXUtil.mm */ = {isa = PBXFileReference; fileEncoding = 4; lastKnownFileType = sourcecode.cpp.objcpp; path = WXUtil.mm; sourceTree = "<group>"; };
		3AFC07DC20B40FCA00DCA6E0 /* Deom.pch */ = {isa = PBXFileReference; lastKnownFileType = sourcecode.c.h; path = Deom.pch; sourceTree = "<group>"; };
		3AFC07DD20B4113B00DCA6E0 /* libsqlite3.0.tbd */ = {isa = PBXFileReference; lastKnownFileType = "sourcecode.text-based-dylib-definition"; name = libsqlite3.0.tbd; path = usr/lib/libsqlite3.0.tbd; sourceTree = SDKROOT; };
		3AFC07DF20B411FD00DCA6E0 /* JDTools.m */ = {isa = PBXFileReference; fileEncoding = 4; lastKnownFileType = sourcecode.c.objc; path = JDTools.m; sourceTree = "<group>"; };
		3AFC07E020B411FD00DCA6E0 /* JDTools.h */ = {isa = PBXFileReference; fileEncoding = 4; lastKnownFileType = sourcecode.c.h; path = JDTools.h; sourceTree = "<group>"; };
		3AFC07E420B4191700DCA6E0 /* JDAlertView.m */ = {isa = PBXFileReference; fileEncoding = 4; lastKnownFileType = sourcecode.c.objc; path = JDAlertView.m; sourceTree = "<group>"; };
		3AFC07E520B4191700DCA6E0 /* JDAlertView.h */ = {isa = PBXFileReference; fileEncoding = 4; lastKnownFileType = sourcecode.c.h; path = JDAlertView.h; sourceTree = "<group>"; };
		3AFC07E720B4195F00DCA6E0 /* UIView+LSExtension.h */ = {isa = PBXFileReference; fileEncoding = 4; lastKnownFileType = sourcecode.c.h; path = "UIView+LSExtension.h"; sourceTree = "<group>"; };
		3AFC07E820B4195F00DCA6E0 /* UIView+LSExtension.m */ = {isa = PBXFileReference; fileEncoding = 4; lastKnownFileType = sourcecode.c.objc; path = "UIView+LSExtension.m"; sourceTree = "<group>"; };
		599F9333D04C74256A6BE6DF /* Pods-MyApp.debug.xcconfig */ = {isa = PBXFileReference; includeInIndex = 1; lastKnownFileType = text.xcconfig; name = "Pods-MyApp.debug.xcconfig"; path = "Pods/Target Support Files/Pods-MyApp/Pods-MyApp.debug.xcconfig"; sourceTree = "<group>"; };
		8819D988145A96BEE21AE1D3 /* Pods-MyApp.release.xcconfig */ = {isa = PBXFileReference; includeInIndex = 1; lastKnownFileType = text.xcconfig; name = "Pods-MyApp.release.xcconfig"; path = "Pods/Target Support Files/Pods-MyApp/Pods-MyApp.release.xcconfig"; sourceTree = "<group>"; };
/* End PBXFileReference section */

/* Begin PBXFrameworksBuildPhase section */
		3A3A22F320B3B385005BD33A /* Frameworks */ = {
			isa = PBXFrameworksBuildPhase;
			buildActionMask = 2147483647;
			files = (
				3AFC07DE20B4113C00DCA6E0 /* libsqlite3.0.tbd in Frameworks */,
				3AFC059C20B406C000DCA6E0 /* libz.tbd in Frameworks */,
				3AFC059A20B406BA00DCA6E0 /* libc++.tbd in Frameworks */,
				3AFC07C620B40E7900DCA6E0 /* libssl.a in Frameworks */,
				3AFC059820B406AD00DCA6E0 /* CoreMotion.framework in Frameworks */,
				3AFC059620B406A300DCA6E0 /* CFNetwork.framework in Frameworks */,
				3AFC059420B4069E00DCA6E0 /* Foundation.framework in Frameworks */,
				3AFC05A020B406EC00DCA6E0 /* AlipaySDK.framework in Frameworks */,
				3AFC059220B4069400DCA6E0 /* UIKit.framework in Frameworks */,
				3AFC059020B4068D00DCA6E0 /* CoreGraphics.framework in Frameworks */,
				3AFC058E20B4068600DCA6E0 /* CoreText.framework in Frameworks */,
				3AFC058C20B4067E00DCA6E0 /* QuartzCore.framework in Frameworks */,
				3AFC07C520B40E7900DCA6E0 /* libcrypto.a in Frameworks */,
				3AFC058A20B4067500DCA6E0 /* CoreTelephony.framework in Frameworks */,
				3AFC058820B4066B00DCA6E0 /* SystemConfiguration.framework in Frameworks */,
				3AFC07D620B40F5E00DCA6E0 /* libWeChatSDK.a in Frameworks */,
				FC18B66ACB436D8614AFADD7 /* libPods-MyApp.a in Frameworks */,
			);
			runOnlyForDeploymentPostprocessing = 0;
		};
		3A3A230B20B3B386005BD33A /* Frameworks */ = {
			isa = PBXFrameworksBuildPhase;
			buildActionMask = 2147483647;
			files = (
			);
			runOnlyForDeploymentPostprocessing = 0;
		};
		3A3A231620B3B386005BD33A /* Frameworks */ = {
			isa = PBXFrameworksBuildPhase;
			buildActionMask = 2147483647;
			files = (
			);
			runOnlyForDeploymentPostprocessing = 0;
		};
/* End PBXFrameworksBuildPhase section */

/* Begin PBXGroup section */
		3A3A22ED20B3B385005BD33A = {
			isa = PBXGroup;
			children = (
				3A0C43B021198A1C00FA386C /* UILabel+Color.h */,
				3A0C43B121198A1C00FA386C /* UILabel+Color.m */,
				3A9D99C721212DE800C2F705 /* UIResponder+Routor.h */,
				3A9D99C821212DE800C2F705 /* UIResponder+Routor.m */,
				3A31581920B53F1200703E61 /* NetWorkConnection.h */,
				3A31581820B53F1200703E61 /* NetWorkConnection.m */,
				3AFC07E720B4195F00DCA6E0 /* UIView+LSExtension.h */,
				3AFC07E820B4195F00DCA6E0 /* UIView+LSExtension.m */,
				3AFC07E520B4191700DCA6E0 /* JDAlertView.h */,
				3AFC07E420B4191700DCA6E0 /* JDAlertView.m */,
				3AFC07E020B411FD00DCA6E0 /* JDTools.h */,
				3AFC07DF20B411FD00DCA6E0 /* JDTools.m */,
				3AFC07DC20B40FCA00DCA6E0 /* Deom.pch */,
				3AFC07C720B40F5E00DCA6E0 /* WeixPay支付 */,
				3AFC076C20B40E6E00DCA6E0 /* Alipay */,
				3AFC05A120B406FF00DCA6E0 /* Tools.h */,
				3AFC059D20B406EB00DCA6E0 /* AlipaySDK.bundle */,
				3AFC059E20B406EC00DCA6E0 /* AlipaySDK.framework */,
				3A3A22F820B3B385005BD33A /* MyApp */,
				3A3A231120B3B386005BD33A /* MyAppTests */,
				3A3A231C20B3B386005BD33A /* MyAppUITests */,
				3A3A22F720B3B385005BD33A /* Products */,
				3AFC058620B4066A00DCA6E0 /* Frameworks */,
				91653ED9157CBD9C1866F1C4 /* Pods */,
			);
			sourceTree = "<group>";
		};
		3A3A22F720B3B385005BD33A /* Products */ = {
			isa = PBXGroup;
			children = (
				3A3A22F620B3B385005BD33A /* MyApp.app */,
				3A3A230E20B3B386005BD33A /* MyAppTests.xctest */,
				3A3A231920B3B386005BD33A /* MyAppUITests.xctest */,
			);
			name = Products;
			sourceTree = "<group>";
		};
		3A3A22F820B3B385005BD33A /* MyApp */ = {
			isa = PBXGroup;
			children = (
				3A3A22F920B3B385005BD33A /* AppDelegate.h */,
				3A3A22FA20B3B385005BD33A /* AppDelegate.m */,
				3A3A22FC20B3B385005BD33A /* ViewController.h */,
				3A3A22FD20B3B385005BD33A /* ViewController.m */,
				3AB074BA211C14E700357401 /* NextController.h */,
				3AB074BB211C14E700357401 /* NextController.m */,
				3A3A230220B3B385005BD33A /* Assets.xcassets */,
				3A3A230720B3B385005BD33A /* Info.plist */,
				3A3A230820B3B385005BD33A /* main.m */,
				3A0C43AD2119495900FA386C /* PersonModel.h */,
				3A0C43AE2119495900FA386C /* PersonModel.m */,
				3AB074BD211C163500357401 /* GroupModel.h */,
				3AB074BE211C163500357401 /* GroupModel.m */,
				3A9D99CA2121337600C2F705 /* NextView.h */,
				3A9D99CB2121337600C2F705 /* NextView.m */,
			);
			path = MyApp;
			sourceTree = "<group>";
		};
		3A3A231120B3B386005BD33A /* MyAppTests */ = {
			isa = PBXGroup;
			children = (
				3A3A231220B3B386005BD33A /* MyAppTests.m */,
				3A3A231420B3B386005BD33A /* Info.plist */,
			);
			path = MyAppTests;
			sourceTree = "<group>";
		};
		3A3A231C20B3B386005BD33A /* MyAppUITests */ = {
			isa = PBXGroup;
			children = (
				3A3A231D20B3B386005BD33A /* MyAppUITests.m */,
				3A3A231F20B3B386005BD33A /* Info.plist */,
			);
			path = MyAppUITests;
			sourceTree = "<group>";
		};
		3AFC058620B4066A00DCA6E0 /* Frameworks */ = {
			isa = PBXGroup;
			children = (
				3AFC07DD20B4113B00DCA6E0 /* libsqlite3.0.tbd */,
				3AFC059B20B406C000DCA6E0 /* libz.tbd */,
				3AFC059920B406BA00DCA6E0 /* libc++.tbd */,
				3AFC059720B406AD00DCA6E0 /* CoreMotion.framework */,
				3AFC059520B406A300DCA6E0 /* CFNetwork.framework */,
				3AFC059320B4069E00DCA6E0 /* Foundation.framework */,
				3AFC059120B4069400DCA6E0 /* UIKit.framework */,
				3AFC058F20B4068D00DCA6E0 /* CoreGraphics.framework */,
				3AFC058D20B4068600DCA6E0 /* CoreText.framework */,
				3AFC058B20B4067E00DCA6E0 /* QuartzCore.framework */,
				3AFC058920B4067500DCA6E0 /* CoreTelephony.framework */,
				3AFC058720B4066B00DCA6E0 /* SystemConfiguration.framework */,
				208030B7DDC01BFC64CA0FC7 /* libPods-MyApp.a */,
			);
			name = Frameworks;
			sourceTree = "<group>";
		};
		3AFC076C20B40E6E00DCA6E0 /* Alipay */ = {
			isa = PBXGroup;
			children = (
				3AFC07C020B40E7800DCA6E0 /* libcrypto.a */,
				3AFC07C120B40E7900DCA6E0 /* libssl.a */,
				3AFC077420B40E7600DCA6E0 /* openssl */,
				3AFC076D20B40E7600DCA6E0 /* Utils */,
			);
			path = Alipay;
			sourceTree = "<group>";
		};
		3AFC076D20B40E7600DCA6E0 /* Utils */ = {
			isa = PBXGroup;
			children = (
				3AFC076E20B40E7600DCA6E0 /* APRSASigner.h */,
				3AFC076F20B40E7600DCA6E0 /* APRSASigner.m */,
				3AFC077020B40E7600DCA6E0 /* openssl_wrapper.h */,
				3AFC077120B40E7600DCA6E0 /* openssl_wrapper.m */,
				3AFC077220B40E7600DCA6E0 /* Order.h */,
				3AFC077320B40E7600DCA6E0 /* Order.m */,
			);
			path = Utils;
			sourceTree = "<group>";
		};
		3AFC077420B40E7600DCA6E0 /* openssl */ = {
			isa = PBXGroup;
			children = (
				3AFC077520B40E7600DCA6E0 /* aes.h */,
				3AFC077620B40E7600DCA6E0 /* asn1.h */,
				3AFC077720B40E7600DCA6E0 /* asn1_mac.h */,
				3AFC077820B40E7600DCA6E0 /* asn1t.h */,
				3AFC077920B40E7600DCA6E0 /* bio.h */,
				3AFC077A20B40E7600DCA6E0 /* blowfish.h */,
				3AFC077B20B40E7600DCA6E0 /* bn.h */,
				3AFC077C20B40E7600DCA6E0 /* buffer.h */,
				3AFC077D20B40E7600DCA6E0 /* camellia.h */,
				3AFC077E20B40E7600DCA6E0 /* cast.h */,
				3AFC077F20B40E7600DCA6E0 /* cmac.h */,
				3AFC078020B40E7600DCA6E0 /* cms.h */,
				3AFC078120B40E7600DCA6E0 /* comp.h */,
				3AFC078220B40E7600DCA6E0 /* conf.h */,
				3AFC078320B40E7600DCA6E0 /* conf_api.h */,
				3AFC078420B40E7600DCA6E0 /* crypto.h */,
				3AFC078520B40E7600DCA6E0 /* des.h */,
				3AFC078620B40E7600DCA6E0 /* des_old.h */,
				3AFC078720B40E7600DCA6E0 /* dh.h */,
				3AFC078820B40E7600DCA6E0 /* dsa.h */,
				3AFC078920B40E7600DCA6E0 /* dso.h */,
				3AFC078A20B40E7600DCA6E0 /* dtls1.h */,
				3AFC078B20B40E7600DCA6E0 /* e_os2.h */,
				3AFC078C20B40E7600DCA6E0 /* ebcdic.h */,
				3AFC078D20B40E7600DCA6E0 /* ec.h */,
				3AFC078E20B40E7600DCA6E0 /* ecdh.h */,
				3AFC078F20B40E7600DCA6E0 /* ecdsa.h */,
				3AFC079020B40E7600DCA6E0 /* engine.h */,
				3AFC079120B40E7600DCA6E0 /* err.h */,
				3AFC079220B40E7600DCA6E0 /* evp.h */,
				3AFC079320B40E7600DCA6E0 /* hmac.h */,
				3AFC079420B40E7600DCA6E0 /* idea.h */,
				3AFC079520B40E7600DCA6E0 /* krb5_asn.h */,
				3AFC079620B40E7600DCA6E0 /* kssl.h */,
				3AFC079720B40E7600DCA6E0 /* lhash.h */,
				3AFC079820B40E7600DCA6E0 /* md4.h */,
				3AFC079920B40E7600DCA6E0 /* md5.h */,
				3AFC079A20B40E7600DCA6E0 /* mdc2.h */,
				3AFC079B20B40E7600DCA6E0 /* modes.h */,
				3AFC079C20B40E7600DCA6E0 /* obj_mac.h */,
				3AFC079D20B40E7600DCA6E0 /* objects.h */,
				3AFC079E20B40E7600DCA6E0 /* ocsp.h */,
				3AFC079F20B40E7600DCA6E0 /* opensslconf.h */,
				3AFC07A020B40E7600DCA6E0 /* opensslv.h */,
				3AFC07A120B40E7600DCA6E0 /* ossl_typ.h */,
				3AFC07A220B40E7600DCA6E0 /* pem.h */,
				3AFC07A320B40E7600DCA6E0 /* pem2.h */,
				3AFC07A420B40E7600DCA6E0 /* pkcs12.h */,
				3AFC07A520B40E7600DCA6E0 /* pkcs7.h */,
				3AFC07A620B40E7600DCA6E0 /* pqueue.h */,
				3AFC07A720B40E7600DCA6E0 /* rand.h */,
				3AFC07A820B40E7600DCA6E0 /* rc2.h */,
				3AFC07A920B40E7600DCA6E0 /* rc4.h */,
				3AFC07AA20B40E7600DCA6E0 /* ripemd.h */,
				3AFC07AB20B40E7600DCA6E0 /* rsa.h */,
				3AFC07AC20B40E7600DCA6E0 /* safestack.h */,
				3AFC07AD20B40E7600DCA6E0 /* seed.h */,
				3AFC07AE20B40E7600DCA6E0 /* sha.h */,
				3AFC07AF20B40E7600DCA6E0 /* srp.h */,
				3AFC07B020B40E7600DCA6E0 /* srtp.h */,
				3AFC07B120B40E7600DCA6E0 /* ssl.h */,
				3AFC07B220B40E7600DCA6E0 /* ssl2.h */,
				3AFC07B320B40E7600DCA6E0 /* ssl23.h */,
				3AFC07B420B40E7600DCA6E0 /* ssl3.h */,
				3AFC07B520B40E7600DCA6E0 /* stack.h */,
				3AFC07B620B40E7600DCA6E0 /* symhacks.h */,
				3AFC07B720B40E7600DCA6E0 /* tls1.h */,
				3AFC07B820B40E7600DCA6E0 /* ts.h */,
				3AFC07B920B40E7600DCA6E0 /* txt_db.h */,
				3AFC07BA20B40E7600DCA6E0 /* ui.h */,
				3AFC07BB20B40E7600DCA6E0 /* ui_compat.h */,
				3AFC07BC20B40E7600DCA6E0 /* whrlpool.h */,
				3AFC07BD20B40E7600DCA6E0 /* x509.h */,
				3AFC07BE20B40E7600DCA6E0 /* x509_vfy.h */,
				3AFC07BF20B40E7600DCA6E0 /* x509v3.h */,
			);
			path = openssl;
			sourceTree = "<group>";
		};
		3AFC07C720B40F5E00DCA6E0 /* WeixPay支付 */ = {
			isa = PBXGroup;
			children = (
				3AFC07C820B40F5E00DCA6E0 /* SDKExport */,
				3AFC07CF20B40F5E00DCA6E0 /* WXManger */,
			);
			path = "WeixPay支付";
			sourceTree = "<group>";
		};
		3AFC07C820B40F5E00DCA6E0 /* SDKExport */ = {
			isa = PBXGroup;
			children = (
				3AFC07C920B40F5E00DCA6E0 /* libWeChatSDK.a */,
				3AFC07CA20B40F5E00DCA6E0 /* read_me.txt */,
				3AFC07CB20B40F5E00DCA6E0 /* README.txt */,
				3AFC07CC20B40F5E00DCA6E0 /* WechatAuthSDK.h */,
				3AFC07CD20B40F5E00DCA6E0 /* WXApi.h */,
				3AFC07CE20B40F5E00DCA6E0 /* WXApiObject.h */,
			);
			path = SDKExport;
			sourceTree = "<group>";
		};
		3AFC07CF20B40F5E00DCA6E0 /* WXManger */ = {
			isa = PBXGroup;
			children = (
				3AFC07D020B40F5E00DCA6E0 /* WXApiManager.h */,
				3AFC07D120B40F5E00DCA6E0 /* WXApiManager.m */,
				3AFC07D220B40F5E00DCA6E0 /* WXApiRequestHandler.h */,
				3AFC07D320B40F5E00DCA6E0 /* WXApiRequestHandler.m */,
				3AFC07D420B40F5E00DCA6E0 /* WXUtil.h */,
				3AFC07D520B40F5E00DCA6E0 /* WXUtil.mm */,
			);
			path = WXManger;
			sourceTree = "<group>";
		};
		91653ED9157CBD9C1866F1C4 /* Pods */ = {
			isa = PBXGroup;
			children = (
				599F9333D04C74256A6BE6DF /* Pods-MyApp.debug.xcconfig */,
				8819D988145A96BEE21AE1D3 /* Pods-MyApp.release.xcconfig */,
			);
			name = Pods;
			sourceTree = "<group>";
		};
/* End PBXGroup section */

/* Begin PBXNativeTarget section */
		3A3A22F520B3B385005BD33A /* MyApp */ = {
			isa = PBXNativeTarget;
			buildConfigurationList = 3A3A232220B3B386005BD33A /* Build configuration list for PBXNativeTarget "MyApp" */;
			buildPhases = (
				525D3984FC00D98080417A8F /* [CP] Check Pods Manifest.lock */,
				3A3A22F220B3B385005BD33A /* Sources */,
				3A3A22F320B3B385005BD33A /* Frameworks */,
				3A3A22F420B3B385005BD33A /* Resources */,
				CE73D34D57E25C114FFDE908 /* [CP] Copy Pods Resources */,
			);
			buildRules = (
			);
			dependencies = (
			);
			name = MyApp;
			productName = MyApp;
			productReference = 3A3A22F620B3B385005BD33A /* MyApp.app */;
			productType = "com.apple.product-type.application";
		};
		3A3A230D20B3B386005BD33A /* MyAppTests */ = {
			isa = PBXNativeTarget;
			buildConfigurationList = 3A3A232520B3B386005BD33A /* Build configuration list for PBXNativeTarget "MyAppTests" */;
			buildPhases = (
				3A3A230A20B3B386005BD33A /* Sources */,
				3A3A230B20B3B386005BD33A /* Frameworks */,
				3A3A230C20B3B386005BD33A /* Resources */,
			);
			buildRules = (
			);
			dependencies = (
				3A3A231020B3B386005BD33A /* PBXTargetDependency */,
			);
			name = MyAppTests;
			productName = MyAppTests;
			productReference = 3A3A230E20B3B386005BD33A /* MyAppTests.xctest */;
			productType = "com.apple.product-type.bundle.unit-test";
		};
		3A3A231820B3B386005BD33A /* MyAppUITests */ = {
			isa = PBXNativeTarget;
			buildConfigurationList = 3A3A232820B3B386005BD33A /* Build configuration list for PBXNativeTarget "MyAppUITests" */;
			buildPhases = (
				3A3A231520B3B386005BD33A /* Sources */,
				3A3A231620B3B386005BD33A /* Frameworks */,
				3A3A231720B3B386005BD33A /* Resources */,
			);
			buildRules = (
			);
			dependencies = (
				3A3A231B20B3B386005BD33A /* PBXTargetDependency */,
			);
			name = MyAppUITests;
			productName = MyAppUITests;
			productReference = 3A3A231920B3B386005BD33A /* MyAppUITests.xctest */;
			productType = "com.apple.product-type.bundle.ui-testing";
		};
/* End PBXNativeTarget section */

/* Begin PBXProject section */
		3A3A22EE20B3B385005BD33A /* Project object */ = {
			isa = PBXProject;
			attributes = {
				LastUpgradeCheck = 0930;
				ORGANIZATIONNAME = ming;
				TargetAttributes = {
					3A3A22F520B3B385005BD33A = {
						CreatedOnToolsVersion = 9.3.1;
					};
					3A3A230D20B3B386005BD33A = {
						CreatedOnToolsVersion = 9.3.1;
						TestTargetID = 3A3A22F520B3B385005BD33A;
					};
					3A3A231820B3B386005BD33A = {
						CreatedOnToolsVersion = 9.3.1;
						TestTargetID = 3A3A22F520B3B385005BD33A;
					};
				};
			};
			buildConfigurationList = 3A3A22F120B3B385005BD33A /* Build configuration list for PBXProject "MyApp" */;
			compatibilityVersion = "Xcode 9.3";
			developmentRegion = en;
			hasScannedForEncodings = 0;
			knownRegions = (
				en,
				Base,
			);
			mainGroup = 3A3A22ED20B3B385005BD33A;
			productRefGroup = 3A3A22F720B3B385005BD33A /* Products */;
			projectDirPath = "";
			projectRoot = "";
			targets = (
				3A3A22F520B3B385005BD33A /* MyApp */,
				3A3A230D20B3B386005BD33A /* MyAppTests */,
				3A3A231820B3B386005BD33A /* MyAppUITests */,
			);
		};
/* End PBXProject section */

/* Begin PBXResourcesBuildPhase section */
		3A3A22F420B3B385005BD33A /* Resources */ = {
			isa = PBXResourcesBuildPhase;
			buildActionMask = 2147483647;
			files = (
				3AFC059F20B406EC00DCA6E0 /* AlipaySDK.bundle in Resources */,
				3AFC07D720B40F5E00DCA6E0 /* read_me.txt in Resources */,
				3AFC07D820B40F5E00DCA6E0 /* README.txt in Resources */,
				3A3A230320B3B385005BD33A /* Assets.xcassets in Resources */,
			);
			runOnlyForDeploymentPostprocessing = 0;
		};
		3A3A230C20B3B386005BD33A /* Resources */ = {
			isa = PBXResourcesBuildPhase;
			buildActionMask = 2147483647;
			files = (
			);
			runOnlyForDeploymentPostprocessing = 0;
		};
		3A3A231720B3B386005BD33A /* Resources */ = {
			isa = PBXResourcesBuildPhase;
			buildActionMask = 2147483647;
			files = (
			);
			runOnlyForDeploymentPostprocessing = 0;
		};
/* End PBXResourcesBuildPhase section */

/* Begin PBXShellScriptBuildPhase section */
		525D3984FC00D98080417A8F /* [CP] Check Pods Manifest.lock */ = {
			isa = PBXShellScriptBuildPhase;
			buildActionMask = 2147483647;
			files = (
			);
			inputPaths = (
				"${PODS_PODFILE_DIR_PATH}/Podfile.lock",
				"${PODS_ROOT}/Manifest.lock",
			);
			name = "[CP] Check Pods Manifest.lock";
			outputPaths = (
				"$(DERIVED_FILE_DIR)/Pods-MyApp-checkManifestLockResult.txt",
			);
			runOnlyForDeploymentPostprocessing = 0;
			shellPath = /bin/sh;
			shellScript = "diff \"${PODS_PODFILE_DIR_PATH}/Podfile.lock\" \"${PODS_ROOT}/Manifest.lock\" > /dev/null\nif [ $? != 0 ] ; then\n    # print error to STDERR\n    echo \"error: The sandbox is not in sync with the Podfile.lock. Run 'pod install' or update your CocoaPods installation.\" >&2\n    exit 1\nfi\n# This output is used by Xcode 'outputs' to avoid re-running this script phase.\necho \"SUCCESS\" > \"${SCRIPT_OUTPUT_FILE_0}\"\n";
			showEnvVarsInLog = 0;
		};
		CE73D34D57E25C114FFDE908 /* [CP] Copy Pods Resources */ = {
			isa = PBXShellScriptBuildPhase;
			buildActionMask = 2147483647;
			files = (
			);
			inputPaths = (
				"${SRCROOT}/Pods/Target Support Files/Pods-MyApp/Pods-MyApp-resources.sh",
				"${PODS_ROOT}/MJRefresh/MJRefresh/MJRefresh.bundle",
				"${PODS_ROOT}/SVProgressHUD/SVProgressHUD/SVProgressHUD.bundle",
				"${PODS_ROOT}/UMCShare/UMShare/UMSocialUI/UMSocialSDKResources.bundle",
			);
			name = "[CP] Copy Pods Resources";
			outputPaths = (
				"${TARGET_BUILD_DIR}/${UNLOCALIZED_RESOURCES_FOLDER_PATH}/MJRefresh.bundle",
				"${TARGET_BUILD_DIR}/${UNLOCALIZED_RESOURCES_FOLDER_PATH}/SVProgressHUD.bundle",
				"${TARGET_BUILD_DIR}/${UNLOCALIZED_RESOURCES_FOLDER_PATH}/UMSocialSDKResources.bundle",
			);
			runOnlyForDeploymentPostprocessing = 0;
			shellPath = /bin/sh;
			shellScript = "\"${SRCROOT}/Pods/Target Support Files/Pods-MyApp/Pods-MyApp-resources.sh\"\n";
			showEnvVarsInLog = 0;
		};
/* End PBXShellScriptBuildPhase section */

/* Begin PBXSourcesBuildPhase section */
		3A3A22F220B3B385005BD33A /* Sources */ = {
			isa = PBXSourcesBuildPhase;
			buildActionMask = 2147483647;
			files = (
				3A0C43B221198A1C00FA386C /* UILabel+Color.m in Sources */,
				3AFC07DB20B40F5E00DCA6E0 /* WXUtil.mm in Sources */,
				3AFC07DA20B40F5E00DCA6E0 /* WXApiRequestHandler.m in Sources */,
				3AFC07E620B4191800DCA6E0 /* JDAlertView.m in Sources */,
				3AFC07D920B40F5E00DCA6E0 /* WXApiManager.m in Sources */,
				3AFC07C420B40E7900DCA6E0 /* Order.m in Sources */,
				3A31581A20B53F1200703E61 /* NetWorkConnection.m in Sources */,
				3A0C43AF2119495900FA386C /* PersonModel.m in Sources */,
				3A3A22FE20B3B385005BD33A /* ViewController.m in Sources */,
				3A9D99C921212DE800C2F705 /* UIResponder+Routor.m in Sources */,
				3AFC07C320B40E7900DCA6E0 /* openssl_wrapper.m in Sources */,
				3A3A230920B3B385005BD33A /* main.m in Sources */,
				3AFC07E120B411FE00DCA6E0 /* JDTools.m in Sources */,
				3A9D99CC2121337600C2F705 /* NextView.m in Sources */,
				3AB074BF211C163500357401 /* GroupModel.m in Sources */,
				3A3A22FB20B3B385005BD33A /* AppDelegate.m in Sources */,
				3AFC07C220B40E7900DCA6E0 /* APRSASigner.m in Sources */,
				3AB074BC211C14E700357401 /* NextController.m in Sources */,
				3AFC07E920B4195F00DCA6E0 /* UIView+LSExtension.m in Sources */,
			);
			runOnlyForDeploymentPostprocessing = 0;
		};
		3A3A230A20B3B386005BD33A /* Sources */ = {
			isa = PBXSourcesBuildPhase;
			buildActionMask = 2147483647;
			files = (
				3A3A231320B3B386005BD33A /* MyAppTests.m in Sources */,
			);
			runOnlyForDeploymentPostprocessing = 0;
		};
		3A3A231520B3B386005BD33A /* Sources */ = {
			isa = PBXSourcesBuildPhase;
			buildActionMask = 2147483647;
			files = (
				3A3A231E20B3B386005BD33A /* MyAppUITests.m in Sources */,
			);
			runOnlyForDeploymentPostprocessing = 0;
		};
/* End PBXSourcesBuildPhase section */

/* Begin PBXTargetDependency section */
		3A3A231020B3B386005BD33A /* PBXTargetDependency */ = {
			isa = PBXTargetDependency;
			target = 3A3A22F520B3B385005BD33A /* MyApp */;
			targetProxy = 3A3A230F20B3B386005BD33A /* PBXContainerItemProxy */;
		};
		3A3A231B20B3B386005BD33A /* PBXTargetDependency */ = {
			isa = PBXTargetDependency;
			target = 3A3A22F520B3B385005BD33A /* MyApp */;
			targetProxy = 3A3A231A20B3B386005BD33A /* PBXContainerItemProxy */;
		};
/* End PBXTargetDependency section */

/* Begin XCBuildConfiguration section */
		3A3A232020B3B386005BD33A /* Debug */ = {
			isa = XCBuildConfiguration;
			buildSettings = {
				ALWAYS_SEARCH_USER_PATHS = NO;
				CLANG_ANALYZER_NONNULL = YES;
				CLANG_ANALYZER_NUMBER_OBJECT_CONVERSION = YES_AGGRESSIVE;
				CLANG_CXX_LANGUAGE_STANDARD = "gnu++14";
				CLANG_CXX_LIBRARY = "libc++";
				CLANG_ENABLE_MODULES = YES;
				CLANG_ENABLE_OBJC_ARC = YES;
				CLANG_ENABLE_OBJC_WEAK = YES;
				CLANG_WARN_BLOCK_CAPTURE_AUTORELEASING = YES;
				CLANG_WARN_BOOL_CONVERSION = YES;
				CLANG_WARN_COMMA = YES;
				CLANG_WARN_CONSTANT_CONVERSION = YES;
				CLANG_WARN_DEPRECATED_OBJC_IMPLEMENTATIONS = YES;
				CLANG_WARN_DIRECT_OBJC_ISA_USAGE = YES_ERROR;
				CLANG_WARN_DOCUMENTATION_COMMENTS = YES;
				CLANG_WARN_EMPTY_BODY = YES;
				CLANG_WARN_ENUM_CONVERSION = YES;
				CLANG_WARN_INFINITE_RECURSION = YES;
				CLANG_WARN_INT_CONVERSION = YES;
				CLANG_WARN_NON_LITERAL_NULL_CONVERSION = YES;
				CLANG_WARN_OBJC_IMPLICIT_RETAIN_SELF = YES;
				CLANG_WARN_OBJC_LITERAL_CONVERSION = YES;
				CLANG_WARN_OBJC_ROOT_CLASS = YES_ERROR;
				CLANG_WARN_RANGE_LOOP_ANALYSIS = YES;
				CLANG_WARN_STRICT_PROTOTYPES = YES;
				CLANG_WARN_SUSPICIOUS_MOVE = YES;
				CLANG_WARN_UNGUARDED_AVAILABILITY = YES_AGGRESSIVE;
				CLANG_WARN_UNREACHABLE_CODE = YES;
				CLANG_WARN__DUPLICATE_METHOD_MATCH = YES;
				CODE_SIGN_IDENTITY = "iPhone Developer";
				COPY_PHASE_STRIP = NO;
				DEBUG_INFORMATION_FORMAT = dwarf;
				DEVELOPMENT_TEAM = GDX663Y2C6;
				ENABLE_STRICT_OBJC_MSGSEND = YES;
				ENABLE_TESTABILITY = YES;
				GCC_C_LANGUAGE_STANDARD = gnu11;
				GCC_DYNAMIC_NO_PIC = NO;
				GCC_NO_COMMON_BLOCKS = YES;
				GCC_OPTIMIZATION_LEVEL = 0;
				GCC_PREPROCESSOR_DEFINITIONS = (
					"DEBUG=1",
					"$(inherited)",
				);
				GCC_WARN_64_TO_32_BIT_CONVERSION = YES;
				GCC_WARN_ABOUT_RETURN_TYPE = YES_ERROR;
				GCC_WARN_UNDECLARED_SELECTOR = YES;
				GCC_WARN_UNINITIALIZED_AUTOS = YES_AGGRESSIVE;
				GCC_WARN_UNUSED_FUNCTION = YES;
				GCC_WARN_UNUSED_VARIABLE = YES;
				IPHONEOS_DEPLOYMENT_TARGET = 11.3;
				MTL_ENABLE_DEBUG_INFO = YES;
				ONLY_ACTIVE_ARCH = YES;
				SDKROOT = iphoneos;
			};
			name = Debug;
		};
		3A3A232120B3B386005BD33A /* Release */ = {
			isa = XCBuildConfiguration;
			buildSettings = {
				ALWAYS_SEARCH_USER_PATHS = NO;
				CLANG_ANALYZER_NONNULL = YES;
				CLANG_ANALYZER_NUMBER_OBJECT_CONVERSION = YES_AGGRESSIVE;
				CLANG_CXX_LANGUAGE_STANDARD = "gnu++14";
				CLANG_CXX_LIBRARY = "libc++";
				CLANG_ENABLE_MODULES = YES;
				CLANG_ENABLE_OBJC_ARC = YES;
				CLANG_ENABLE_OBJC_WEAK = YES;
				CLANG_WARN_BLOCK_CAPTURE_AUTORELEASING = YES;
				CLANG_WARN_BOOL_CONVERSION = YES;
				CLANG_WARN_COMMA = YES;
				CLANG_WARN_CONSTANT_CONVERSION = YES;
				CLANG_WARN_DEPRECATED_OBJC_IMPLEMENTATIONS = YES;
				CLANG_WARN_DIRECT_OBJC_ISA_USAGE = YES_ERROR;
				CLANG_WARN_DOCUMENTATION_COMMENTS = YES;
				CLANG_WARN_EMPTY_BODY = YES;
				CLANG_WARN_ENUM_CONVERSION = YES;
				CLANG_WARN_INFINITE_RECURSION = YES;
				CLANG_WARN_INT_CONVERSION = YES;
				CLANG_WARN_NON_LITERAL_NULL_CONVERSION = YES;
				CLANG_WARN_OBJC_IMPLICIT_RETAIN_SELF = YES;
				CLANG_WARN_OBJC_LITERAL_CONVERSION = YES;
				CLANG_WARN_OBJC_ROOT_CLASS = YES_ERROR;
				CLANG_WARN_RANGE_LOOP_ANALYSIS = YES;
				CLANG_WARN_STRICT_PROTOTYPES = YES;
				CLANG_WARN_SUSPICIOUS_MOVE = YES;
				CLANG_WARN_UNGUARDED_AVAILABILITY = YES_AGGRESSIVE;
				CLANG_WARN_UNREACHABLE_CODE = YES;
				CLANG_WARN__DUPLICATE_METHOD_MATCH = YES;
				CODE_SIGN_IDENTITY = "iPhone Developer";
				COPY_PHASE_STRIP = NO;
				DEBUG_INFORMATION_FORMAT = "dwarf-with-dsym";
				DEVELOPMENT_TEAM = GDX663Y2C6;
				ENABLE_NS_ASSERTIONS = NO;
				ENABLE_STRICT_OBJC_MSGSEND = YES;
				GCC_C_LANGUAGE_STANDARD = gnu11;
				GCC_NO_COMMON_BLOCKS = YES;
				GCC_WARN_64_TO_32_BIT_CONVERSION = YES;
				GCC_WARN_ABOUT_RETURN_TYPE = YES_ERROR;
				GCC_WARN_UNDECLARED_SELECTOR = YES;
				GCC_WARN_UNINITIALIZED_AUTOS = YES_AGGRESSIVE;
				GCC_WARN_UNUSED_FUNCTION = YES;
				GCC_WARN_UNUSED_VARIABLE = YES;
				IPHONEOS_DEPLOYMENT_TARGET = 11.3;
				MTL_ENABLE_DEBUG_INFO = NO;
				SDKROOT = iphoneos;
				VALIDATE_PRODUCT = YES;
			};
			name = Release;
		};
		3A3A232320B3B386005BD33A /* Debug */ = {
			isa = XCBuildConfiguration;
			baseConfigurationReference = 599F9333D04C74256A6BE6DF /* Pods-MyApp.debug.xcconfig */;
			buildSettings = {
				ASSETCATALOG_COMPILER_APPICON_NAME = AppIcon;
				CODE_SIGN_IDENTITY = "iPhone Developer";
				CODE_SIGN_STYLE = Automatic;
				DEVELOPMENT_TEAM = GDX663Y2C6;
				FRAMEWORK_SEARCH_PATHS = (
					"$(inherited)",
					"$(PROJECT_DIR)",
				);
				GCC_PREFIX_HEADER = /Users/ming/Desktop/MyApp/Deom.pch;
				HEADER_SEARCH_PATHS = "$(PROJECT_DIR)/Alipay";
				INFOPLIST_FILE = MyApp/Info.plist;
				IPHONEOS_DEPLOYMENT_TARGET = 8.0;
				LD_RUNPATH_SEARCH_PATHS = (
					"$(inherited)",
					"@executable_path/Frameworks",
				);
				LIBRARY_SEARCH_PATHS = (
					"$(PROJECT_DIR)/Alipay",
					"$(PROJECT_DIR)/WeixPay支付/SDKExport",
					"$(inherited)",
				);
				PRODUCT_BUNDLE_IDENTIFIER = com.wuyi;
				PRODUCT_NAME = "$(TARGET_NAME)";
				PROVISIONING_PROFILE_SPECIFIER = "";
				TARGETED_DEVICE_FAMILY = "1,2";
			};
			name = Debug;
		};
		3A3A232420B3B386005BD33A /* Release */ = {
			isa = XCBuildConfiguration;
			baseConfigurationReference = 8819D988145A96BEE21AE1D3 /* Pods-MyApp.release.xcconfig */;
			buildSettings = {
				ASSETCATALOG_COMPILER_APPICON_NAME = AppIcon;
				CODE_SIGN_IDENTITY = "iPhone Developer";
				CODE_SIGN_STYLE = Automatic;
				DEVELOPMENT_TEAM = GDX663Y2C6;
				FRAMEWORK_SEARCH_PATHS = (
					"$(inherited)",
					"$(PROJECT_DIR)",
				);
				GCC_PREFIX_HEADER = /Users/ming/Desktop/MyApp/Deom.pch;
				HEADER_SEARCH_PATHS = "$(PROJECT_DIR)/Alipay";
				INFOPLIST_FILE = MyApp/Info.plist;
				IPHONEOS_DEPLOYMENT_TARGET = 8.0;
				LD_RUNPATH_SEARCH_PATHS = (
					"$(inherited)",
					"@executable_path/Frameworks",
				);
				LIBRARY_SEARCH_PATHS = (
					"$(PROJECT_DIR)/Alipay",
					"$(PROJECT_DIR)/WeixPay支付/SDKExport",
					"$(inherited)",
				);
				PRODUCT_BUNDLE_IDENTIFIER = com.wuyi;
				PRODUCT_NAME = "$(TARGET_NAME)";
				PROVISIONING_PROFILE_SPECIFIER = "";
				TARGETED_DEVICE_FAMILY = "1,2";
			};
			name = Release;
		};
		3A3A232620B3B386005BD33A /* Debug */ = {
			isa = XCBuildConfiguration;
			buildSettings = {
				BUNDLE_LOADER = "$(TEST_HOST)";
				CODE_SIGN_STYLE = Automatic;
				INFOPLIST_FILE = MyAppTests/Info.plist;
				LD_RUNPATH_SEARCH_PATHS = (
					"$(inherited)",
					"@executable_path/Frameworks",
					"@loader_path/Frameworks",
				);
				PRODUCT_BUNDLE_IDENTIFIER = bangyi.MyAppTests;
				PRODUCT_NAME = "$(TARGET_NAME)";
				TARGETED_DEVICE_FAMILY = "1,2";
				TEST_HOST = "$(BUILT_PRODUCTS_DIR)/MyApp.app/MyApp";
			};
			name = Debug;
		};
		3A3A232720B3B386005BD33A /* Release */ = {
			isa = XCBuildConfiguration;
			buildSettings = {
				BUNDLE_LOADER = "$(TEST_HOST)";
				CODE_SIGN_STYLE = Automatic;
				INFOPLIST_FILE = MyAppTests/Info.plist;
				LD_RUNPATH_SEARCH_PATHS = (
					"$(inherited)",
					"@executable_path/Frameworks",
					"@loader_path/Frameworks",
				);
				PRODUCT_BUNDLE_IDENTIFIER = bangyi.MyAppTests;
				PRODUCT_NAME = "$(TARGET_NAME)";
				TARGETED_DEVICE_FAMILY = "1,2";
				TEST_HOST = "$(BUILT_PRODUCTS_DIR)/MyApp.app/MyApp";
			};
			name = Release;
		};
		3A3A232920B3B386005BD33A /* Debug */ = {
			isa = XCBuildConfiguration;
			buildSettings = {
				CODE_SIGN_STYLE = Automatic;
				INFOPLIST_FILE = MyAppUITests/Info.plist;
				LD_RUNPATH_SEARCH_PATHS = (
					"$(inherited)",
					"@executable_path/Frameworks",
					"@loader_path/Frameworks",
				);
				PRODUCT_BUNDLE_IDENTIFIER = bangyi.MyAppUITests;
				PRODUCT_NAME = "$(TARGET_NAME)";
				TARGETED_DEVICE_FAMILY = "1,2";
				TEST_TARGET_NAME = MyApp;
			};
			name = Debug;
		};
		3A3A232A20B3B386005BD33A /* Release */ = {
			isa = XCBuildConfiguration;
			buildSettings = {
				CODE_SIGN_STYLE = Automatic;
				INFOPLIST_FILE = MyAppUITests/Info.plist;
				LD_RUNPATH_SEARCH_PATHS = (
					"$(inherited)",
					"@executable_path/Frameworks",
					"@loader_path/Frameworks",
				);
				PRODUCT_BUNDLE_IDENTIFIER = bangyi.MyAppUITests;
				PRODUCT_NAME = "$(TARGET_NAME)";
				TARGETED_DEVICE_FAMILY = "1,2";
				TEST_TARGET_NAME = MyApp;
			};
			name = Release;
		};
/* End XCBuildConfiguration section */

/* Begin XCConfigurationList section */
		3A3A22F120B3B385005BD33A /* Build configuration list for PBXProject "MyApp" */ = {
			isa = XCConfigurationList;
			buildConfigurations = (
				3A3A232020B3B386005BD33A /* Debug */,
				3A3A232120B3B386005BD33A /* Release */,
			);
			defaultConfigurationIsVisible = 0;
			defaultConfigurationName = Release;
		};
		3A3A232220B3B386005BD33A /* Build configuration list for PBXNativeTarget "MyApp" */ = {
			isa = XCConfigurationList;
			buildConfigurations = (
				3A3A232320B3B386005BD33A /* Debug */,
				3A3A232420B3B386005BD33A /* Release */,
			);
			defaultConfigurationIsVisible = 0;
			defaultConfigurationName = Release;
		};
		3A3A232520B3B386005BD33A /* Build configuration list for PBXNativeTarget "MyAppTests" */ = {
			isa = XCConfigurationList;
			buildConfigurations = (
				3A3A232620B3B386005BD33A /* Debug */,
				3A3A232720B3B386005BD33A /* Release */,
			);
			defaultConfigurationIsVisible = 0;
			defaultConfigurationName = Release;
		};
		3A3A232820B3B386005BD33A /* Build configuration list for PBXNativeTarget "MyAppUITests" */ = {
			isa = XCConfigurationList;
			buildConfigurations = (
				3A3A232920B3B386005BD33A /* Debug */,
				3A3A232A20B3B386005BD33A /* Release */,
			);
			defaultConfigurationIsVisible = 0;
			defaultConfigurationName = Release;
		};
/* End XCConfigurationList section */
	};
	rootObject = 3A3A22EE20B3B385005BD33A /* Project object */;
}
